// !$*UTF8*$!
{
	archiveVersion = 1;
	classes = {
	};
	objectVersion = 56;
	objects = {

/* Begin PBXBuildFile section */
		C41045BD2B55358B00CCBD44 /* AnimationsBootcamp.swift in Sources */ = {isa = PBXBuildFile; fileRef = C41045BC2B55358B00CCBD44 /* AnimationsBootcamp.swift */; };
		C41045BF2B553A3C00CCBD44 /* AnimationTimingBootcamp.swift in Sources */ = {isa = PBXBuildFile; fileRef = C41045BE2B553A3C00CCBD44 /* AnimationTimingBootcamp.swift */; };
		C41045DB2B555C8100CCBD44 /* TransitionBootcamp.swift in Sources */ = {isa = PBXBuildFile; fileRef = C41045DA2B555C8100CCBD44 /* TransitionBootcamp.swift */; };
		C41045DD2B556ADC00CCBD44 /* SheetBootcamp.swift in Sources */ = {isa = PBXBuildFile; fileRef = C41045DC2B556ADC00CCBD44 /* SheetBootcamp.swift */; };
		C41045DF2B5570EE00CCBD44 /* PopoverBootcamp.swift in Sources */ = {isa = PBXBuildFile; fileRef = C41045DE2B5570EE00CCBD44 /* PopoverBootcamp.swift */; };
		C4394DC62B5266CF0091A82E /* BackgroundaAndOverlayBootcamp.swift in Sources */ = {isa = PBXBuildFile; fileRef = C4394DC52B5266CF0091A82E /* BackgroundaAndOverlayBootcamp.swift */; };
		C4394DC82B5276590091A82E /* StacksBootcmap.swift in Sources */ = {isa = PBXBuildFile; fileRef = C4394DC72B5276590091A82E /* StacksBootcmap.swift */; };
		C4394DCA2B527FC60091A82E /* PaddingBootcamp.swift in Sources */ = {isa = PBXBuildFile; fileRef = C4394DC92B527FC60091A82E /* PaddingBootcamp.swift */; };
		C4394DCC2B528C440091A82E /* SpacerBootcamp.swift in Sources */ = {isa = PBXBuildFile; fileRef = C4394DCB2B528C440091A82E /* SpacerBootcamp.swift */; };
		C4394DCE2B52AA470091A82E /* InitAndEnumBootcamp.swift in Sources */ = {isa = PBXBuildFile; fileRef = C4394DCD2B52AA470091A82E /* InitAndEnumBootcamp.swift */; };
		C4394DD02B52B6BF0091A82E /* ForEachBootcamp.swift in Sources */ = {isa = PBXBuildFile; fileRef = C4394DCF2B52B6BF0091A82E /* ForEachBootcamp.swift */; };
		C4394DD22B52D8940091A82E /* ScrollViewBootcamp.swift in Sources */ = {isa = PBXBuildFile; fileRef = C4394DD12B52D8940091A82E /* ScrollViewBootcamp.swift */; };
		C4394DD42B52F11D0091A82E /* GridBootcamp.swift in Sources */ = {isa = PBXBuildFile; fileRef = C4394DD32B52F11D0091A82E /* GridBootcamp.swift */; };
		C43B7AE02B53ED7800017819 /* SafeareaBootcamp.swift in Sources */ = {isa = PBXBuildFile; fileRef = C43B7ADF2B53ED7800017819 /* SafeareaBootcamp.swift */; };
		C43B7AE22B53F0E200017819 /* ButtonAndStateBootcamp.swift in Sources */ = {isa = PBXBuildFile; fileRef = C43B7AE12B53F0E200017819 /* ButtonAndStateBootcamp.swift */; };
		C43B7AE42B54091900017819 /* ExtractedFunctionBootcamp.swift in Sources */ = {isa = PBXBuildFile; fileRef = C43B7AE32B54091900017819 /* ExtractedFunctionBootcamp.swift */; };
		C43B7AE62B54158100017819 /* ExtractedViewAndBindingBootcamp.swift in Sources */ = {isa = PBXBuildFile; fileRef = C43B7AE52B54158100017819 /* ExtractedViewAndBindingBootcamp.swift */; };
		C43B7AE82B54229600017819 /* RandomColor.swift in Sources */ = {isa = PBXBuildFile; fileRef = C43B7AE72B54229600017819 /* RandomColor.swift */; };
		C43B7AEA2B54259800017819 /* ConditionalBootcamp.swift in Sources */ = {isa = PBXBuildFile; fileRef = C43B7AE92B54259800017819 /* ConditionalBootcamp.swift */; };
		C43B7AEC2B54267700017819 /* TernaryBootcamp.swift in Sources */ = {isa = PBXBuildFile; fileRef = C43B7AEB2B54267700017819 /* TernaryBootcamp.swift */; };
		C462A6C02B50413B00560D7D /* TextBootcamp.swift in Sources */ = {isa = PBXBuildFile; fileRef = C462A6BF2B50413B00560D7D /* TextBootcamp.swift */; };
		C462A6C22B5047E800560D7D /* ColorsBootcamp.swift in Sources */ = {isa = PBXBuildFile; fileRef = C462A6C12B5047E800560D7D /* ColorsBootcamp.swift */; };
		C462A6C42B50563900560D7D /* GradientsBootcamp.swift in Sources */ = {isa = PBXBuildFile; fileRef = C462A6C32B50563900560D7D /* GradientsBootcamp.swift */; };
		C46635312B502B3D00AB7496 /* ShapesBootcamp.swift in Sources */ = {isa = PBXBuildFile; fileRef = C46635302B502B3D00AB7496 /* ShapesBootcamp.swift */; };
		C47187A22B4FD68000F16C19 /* SwiftfulThinkingBootcampApp.swift in Sources */ = {isa = PBXBuildFile; fileRef = C47187A12B4FD68000F16C19 /* SwiftfulThinkingBootcampApp.swift */; };
		C47187A42B4FD68000F16C19 /* ContentView.swift in Sources */ = {isa = PBXBuildFile; fileRef = C47187A32B4FD68000F16C19 /* ContentView.swift */; };
		C47187A62B4FD68100F16C19 /* Assets.xcassets in Resources */ = {isa = PBXBuildFile; fileRef = C47187A52B4FD68100F16C19 /* Assets.xcassets */; };
		C47187A92B4FD68100F16C19 /* Preview Assets.xcassets in Resources */ = {isa = PBXBuildFile; fileRef = C47187A82B4FD68100F16C19 /* Preview Assets.xcassets */; };
		C4BAEE5D2B518EC0008C19BE /* IconBootcamp.swift in Sources */ = {isa = PBXBuildFile; fileRef = C4BAEE5C2B518EC0008C19BE /* IconBootcamp.swift */; };
		C4BC8F022B51C356003A3D71 /* ImageBootcamp.swift in Sources */ = {isa = PBXBuildFile; fileRef = C4BC8F012B51C356003A3D71 /* ImageBootcamp.swift */; };
		C4BC8F042B51C8A8003A3D71 /* FrameBootcamp.swift in Sources */ = {isa = PBXBuildFile; fileRef = C4BC8F032B51C8A8003A3D71 /* FrameBootcamp.swift */; };
/* End PBXBuildFile section */

/* Begin PBXFileReference section */
		C41045BC2B55358B00CCBD44 /* AnimationsBootcamp.swift */ = {isa = PBXFileReference; lastKnownFileType = sourcecode.swift; path = AnimationsBootcamp.swift; sourceTree = "<group>"; };
		C41045BE2B553A3C00CCBD44 /* AnimationTimingBootcamp.swift */ = {isa = PBXFileReference; lastKnownFileType = sourcecode.swift; path = AnimationTimingBootcamp.swift; sourceTree = "<group>"; };
		C41045DA2B555C8100CCBD44 /* TransitionBootcamp.swift */ = {isa = PBXFileReference; lastKnownFileType = sourcecode.swift; path = TransitionBootcamp.swift; sourceTree = "<group>"; };
		C41045DC2B556ADC00CCBD44 /* SheetBootcamp.swift */ = {isa = PBXFileReference; lastKnownFileType = sourcecode.swift; path = SheetBootcamp.swift; sourceTree = "<group>"; };
		C41045DE2B5570EE00CCBD44 /* PopoverBootcamp.swift */ = {isa = PBXFileReference; lastKnownFileType = sourcecode.swift; path = PopoverBootcamp.swift; sourceTree = "<group>"; };
		C4394DC52B5266CF0091A82E /* BackgroundaAndOverlayBootcamp.swift */ = {isa = PBXFileReference; lastKnownFileType = sourcecode.swift; path = BackgroundaAndOverlayBootcamp.swift; sourceTree = "<group>"; };
		C4394DC72B5276590091A82E /* StacksBootcmap.swift */ = {isa = PBXFileReference; lastKnownFileType = sourcecode.swift; path = StacksBootcmap.swift; sourceTree = "<group>"; };
		C4394DC92B527FC60091A82E /* PaddingBootcamp.swift */ = {isa = PBXFileReference; lastKnownFileType = sourcecode.swift; path = PaddingBootcamp.swift; sourceTree = "<group>"; };
		C4394DCB2B528C440091A82E /* SpacerBootcamp.swift */ = {isa = PBXFileReference; lastKnownFileType = sourcecode.swift; path = SpacerBootcamp.swift; sourceTree = "<group>"; };
		C4394DCD2B52AA470091A82E /* InitAndEnumBootcamp.swift */ = {isa = PBXFileReference; lastKnownFileType = sourcecode.swift; path = InitAndEnumBootcamp.swift; sourceTree = "<group>"; };
		C4394DCF2B52B6BF0091A82E /* ForEachBootcamp.swift */ = {isa = PBXFileReference; lastKnownFileType = sourcecode.swift; path = ForEachBootcamp.swift; sourceTree = "<group>"; };
		C4394DD12B52D8940091A82E /* ScrollViewBootcamp.swift */ = {isa = PBXFileReference; lastKnownFileType = sourcecode.swift; path = ScrollViewBootcamp.swift; sourceTree = "<group>"; };
		C4394DD32B52F11D0091A82E /* GridBootcamp.swift */ = {isa = PBXFileReference; lastKnownFileType = sourcecode.swift; path = GridBootcamp.swift; sourceTree = "<group>"; };
		C43B7ADF2B53ED7800017819 /* SafeareaBootcamp.swift */ = {isa = PBXFileReference; lastKnownFileType = sourcecode.swift; path = SafeareaBootcamp.swift; sourceTree = "<group>"; };
		C43B7AE12B53F0E200017819 /* ButtonAndStateBootcamp.swift */ = {isa = PBXFileReference; lastKnownFileType = sourcecode.swift; path = ButtonAndStateBootcamp.swift; sourceTree = "<group>"; };
		C43B7AE32B54091900017819 /* ExtractedFunctionBootcamp.swift */ = {isa = PBXFileReference; lastKnownFileType = sourcecode.swift; path = ExtractedFunctionBootcamp.swift; sourceTree = "<group>"; };
		C43B7AE52B54158100017819 /* ExtractedViewAndBindingBootcamp.swift */ = {isa = PBXFileReference; lastKnownFileType = sourcecode.swift; path = ExtractedViewAndBindingBootcamp.swift; sourceTree = "<group>"; };
		C43B7AE72B54229600017819 /* RandomColor.swift */ = {isa = PBXFileReference; lastKnownFileType = sourcecode.swift; path = RandomColor.swift; sourceTree = "<group>"; };
		C43B7AE92B54259800017819 /* ConditionalBootcamp.swift */ = {isa = PBXFileReference; lastKnownFileType = sourcecode.swift; path = ConditionalBootcamp.swift; sourceTree = "<group>"; };
		C43B7AEB2B54267700017819 /* TernaryBootcamp.swift */ = {isa = PBXFileReference; lastKnownFileType = sourcecode.swift; path = TernaryBootcamp.swift; sourceTree = "<group>"; };
		C462A6BF2B50413B00560D7D /* TextBootcamp.swift */ = {isa = PBXFileReference; lastKnownFileType = sourcecode.swift; path = TextBootcamp.swift; sourceTree = "<group>"; };
		C462A6C12B5047E800560D7D /* ColorsBootcamp.swift */ = {isa = PBXFileReference; lastKnownFileType = sourcecode.swift; path = ColorsBootcamp.swift; sourceTree = "<group>"; };
		C462A6C32B50563900560D7D /* GradientsBootcamp.swift */ = {isa = PBXFileReference; lastKnownFileType = sourcecode.swift; path = GradientsBootcamp.swift; sourceTree = "<group>"; };
		C46635302B502B3D00AB7496 /* ShapesBootcamp.swift */ = {isa = PBXFileReference; lastKnownFileType = sourcecode.swift; path = ShapesBootcamp.swift; sourceTree = "<group>"; };
		C471879E2B4FD68000F16C19 /* SwiftfulThinkingBootcamp.app */ = {isa = PBXFileReference; explicitFileType = wrapper.application; includeInIndex = 0; path = SwiftfulThinkingBootcamp.app; sourceTree = BUILT_PRODUCTS_DIR; };
		C47187A12B4FD68000F16C19 /* SwiftfulThinkingBootcampApp.swift */ = {isa = PBXFileReference; lastKnownFileType = sourcecode.swift; path = SwiftfulThinkingBootcampApp.swift; sourceTree = "<group>"; };
		C47187A32B4FD68000F16C19 /* ContentView.swift */ = {isa = PBXFileReference; lastKnownFileType = sourcecode.swift; path = ContentView.swift; sourceTree = "<group>"; };
		C47187A52B4FD68100F16C19 /* Assets.xcassets */ = {isa = PBXFileReference; lastKnownFileType = folder.assetcatalog; path = Assets.xcassets; sourceTree = "<group>"; };
		C47187A82B4FD68100F16C19 /* Preview Assets.xcassets */ = {isa = PBXFileReference; lastKnownFileType = folder.assetcatalog; path = "Preview Assets.xcassets"; sourceTree = "<group>"; };
		C4BAEE5C2B518EC0008C19BE /* IconBootcamp.swift */ = {isa = PBXFileReference; lastKnownFileType = sourcecode.swift; path = IconBootcamp.swift; sourceTree = "<group>"; };
		C4BC8F012B51C356003A3D71 /* ImageBootcamp.swift */ = {isa = PBXFileReference; lastKnownFileType = sourcecode.swift; path = ImageBootcamp.swift; sourceTree = "<group>"; };
		C4BC8F032B51C8A8003A3D71 /* FrameBootcamp.swift */ = {isa = PBXFileReference; lastKnownFileType = sourcecode.swift; path = FrameBootcamp.swift; sourceTree = "<group>"; };
/* End PBXFileReference section */

/* Begin PBXFrameworksBuildPhase section */
		C471879B2B4FD68000F16C19 /* Frameworks */ = {
			isa = PBXFrameworksBuildPhase;
			buildActionMask = 2147483647;
			files = (
			);
			runOnlyForDeploymentPostprocessing = 0;
		};
/* End PBXFrameworksBuildPhase section */

/* Begin PBXGroup section */
		C47187952B4FD68000F16C19 = {
			isa = PBXGroup;
			children = (
				C47187A02B4FD68000F16C19 /* SwiftfulThinkingBootcamp */,
				C471879F2B4FD68000F16C19 /* Products */,
			);
			sourceTree = "<group>";
		};
		C471879F2B4FD68000F16C19 /* Products */ = {
			isa = PBXGroup;
			children = (
				C471879E2B4FD68000F16C19 /* SwiftfulThinkingBootcamp.app */,
			);
			name = Products;
			sourceTree = "<group>";
		};
		C47187A02B4FD68000F16C19 /* SwiftfulThinkingBootcamp */ = {
			isa = PBXGroup;
			children = (
				C47187A52B4FD68100F16C19 /* Assets.xcassets */,
				C47187A72B4FD68100F16C19 /* Preview Content */,
				C43B7AE72B54229600017819 /* RandomColor.swift */,
				C47187A12B4FD68000F16C19 /* SwiftfulThinkingBootcampApp.swift */,
				C47187A32B4FD68000F16C19 /* ContentView.swift */,
				C462A6BF2B50413B00560D7D /* TextBootcamp.swift */,
				C46635302B502B3D00AB7496 /* ShapesBootcamp.swift */,
				C462A6C12B5047E800560D7D /* ColorsBootcamp.swift */,
				C462A6C32B50563900560D7D /* GradientsBootcamp.swift */,
				C4BAEE5C2B518EC0008C19BE /* IconBootcamp.swift */,
				C4BC8F012B51C356003A3D71 /* ImageBootcamp.swift */,
				C4BC8F032B51C8A8003A3D71 /* FrameBootcamp.swift */,
				C4394DC52B5266CF0091A82E /* BackgroundaAndOverlayBootcamp.swift */,
				C4394DC72B5276590091A82E /* StacksBootcmap.swift */,
				C4394DC92B527FC60091A82E /* PaddingBootcamp.swift */,
				C4394DCB2B528C440091A82E /* SpacerBootcamp.swift */,
				C4394DCD2B52AA470091A82E /* InitAndEnumBootcamp.swift */,
				C4394DCF2B52B6BF0091A82E /* ForEachBootcamp.swift */,
				C4394DD12B52D8940091A82E /* ScrollViewBootcamp.swift */,
				C4394DD32B52F11D0091A82E /* GridBootcamp.swift */,
				C43B7ADF2B53ED7800017819 /* SafeareaBootcamp.swift */,
				C43B7AE12B53F0E200017819 /* ButtonAndStateBootcamp.swift */,
				C43B7AE32B54091900017819 /* ExtractedFunctionBootcamp.swift */,
				C43B7AE52B54158100017819 /* ExtractedViewAndBindingBootcamp.swift */,
				C43B7AE92B54259800017819 /* ConditionalBootcamp.swift */,
				C43B7AEB2B54267700017819 /* TernaryBootcamp.swift */,
				C41045BC2B55358B00CCBD44 /* AnimationsBootcamp.swift */,
				C41045BE2B553A3C00CCBD44 /* AnimationTimingBootcamp.swift */,
				C41045DA2B555C8100CCBD44 /* TransitionBootcamp.swift */,
				C41045DC2B556ADC00CCBD44 /* SheetBootcamp.swift */,
				C41045DE2B5570EE00CCBD44 /* PopoverBootcamp.swift */,
			);
			path = SwiftfulThinkingBootcamp;
			sourceTree = "<group>";
		};
		C47187A72B4FD68100F16C19 /* Preview Content */ = {
			isa = PBXGroup;
			children = (
				C47187A82B4FD68100F16C19 /* Preview Assets.xcassets */,
			);
			path = "Preview Content";
			sourceTree = "<group>";
		};
/* End PBXGroup section */

/* Begin PBXNativeTarget section */
		C471879D2B4FD68000F16C19 /* SwiftfulThinkingBootcamp */ = {
			isa = PBXNativeTarget;
			buildConfigurationList = C47187AC2B4FD68100F16C19 /* Build configuration list for PBXNativeTarget "SwiftfulThinkingBootcamp" */;
			buildPhases = (
				C471879A2B4FD68000F16C19 /* Sources */,
				C471879B2B4FD68000F16C19 /* Frameworks */,
				C471879C2B4FD68000F16C19 /* Resources */,
			);
			buildRules = (
			);
			dependencies = (
			);
			name = SwiftfulThinkingBootcamp;
			productName = SwiftfulThinkingBootcamp;
			productReference = C471879E2B4FD68000F16C19 /* SwiftfulThinkingBootcamp.app */;
			productType = "com.apple.product-type.application";
		};
/* End PBXNativeTarget section */

/* Begin PBXProject section */
		C47187962B4FD68000F16C19 /* Project object */ = {
			isa = PBXProject;
			attributes = {
				BuildIndependentTargetsInParallel = 1;
				LastSwiftUpdateCheck = 1500;
				LastUpgradeCheck = 1500;
				TargetAttributes = {
					C471879D2B4FD68000F16C19 = {
						CreatedOnToolsVersion = 15.0.1;
					};
				};
			};
			buildConfigurationList = C47187992B4FD68000F16C19 /* Build configuration list for PBXProject "SwiftfulThinkingBootcamp" */;
			compatibilityVersion = "Xcode 14.0";
			developmentRegion = en;
			hasScannedForEncodings = 0;
			knownRegions = (
				en,
				Base,
			);
			mainGroup = C47187952B4FD68000F16C19;
			productRefGroup = C471879F2B4FD68000F16C19 /* Products */;
			projectDirPath = "";
			projectRoot = "";
			targets = (
				C471879D2B4FD68000F16C19 /* SwiftfulThinkingBootcamp */,
			);
		};
/* End PBXProject section */

/* Begin PBXResourcesBuildPhase section */
		C471879C2B4FD68000F16C19 /* Resources */ = {
			isa = PBXResourcesBuildPhase;
			buildActionMask = 2147483647;
			files = (
				C47187A92B4FD68100F16C19 /* Preview Assets.xcassets in Resources */,
				C47187A62B4FD68100F16C19 /* Assets.xcassets in Resources */,
			);
			runOnlyForDeploymentPostprocessing = 0;
		};
/* End PBXResourcesBuildPhase section */

/* Begin PBXSourcesBuildPhase section */
		C471879A2B4FD68000F16C19 /* Sources */ = {
			isa = PBXSourcesBuildPhase;
			buildActionMask = 2147483647;
			files = (
				C41045DD2B556ADC00CCBD44 /* SheetBootcamp.swift in Sources */,
				C41045DB2B555C8100CCBD44 /* TransitionBootcamp.swift in Sources */,
				C43B7AE22B53F0E200017819 /* ButtonAndStateBootcamp.swift in Sources */,
				C462A6C42B50563900560D7D /* GradientsBootcamp.swift in Sources */,
				C43B7AEA2B54259800017819 /* ConditionalBootcamp.swift in Sources */,
				C462A6C22B5047E800560D7D /* ColorsBootcamp.swift in Sources */,
				C41045BD2B55358B00CCBD44 /* AnimationsBootcamp.swift in Sources */,
				C4394DD22B52D8940091A82E /* ScrollViewBootcamp.swift in Sources */,
				C4BC8F042B51C8A8003A3D71 /* FrameBootcamp.swift in Sources */,
				C4394DCE2B52AA470091A82E /* InitAndEnumBootcamp.swift in Sources */,
				C43B7AE82B54229600017819 /* RandomColor.swift in Sources */,
				C4BAEE5D2B518EC0008C19BE /* IconBootcamp.swift in Sources */,
				C4394DCA2B527FC60091A82E /* PaddingBootcamp.swift in Sources */,
				C46635312B502B3D00AB7496 /* ShapesBootcamp.swift in Sources */,
				C43B7AE42B54091900017819 /* ExtractedFunctionBootcamp.swift in Sources */,
				C43B7AE62B54158100017819 /* ExtractedViewAndBindingBootcamp.swift in Sources */,
				C4394DC62B5266CF0091A82E /* BackgroundaAndOverlayBootcamp.swift in Sources */,
				C4394DD02B52B6BF0091A82E /* ForEachBootcamp.swift in Sources */,
				C47187A42B4FD68000F16C19 /* ContentView.swift in Sources */,
				C41045BF2B553A3C00CCBD44 /* AnimationTimingBootcamp.swift in Sources */,
				C41045DF2B5570EE00CCBD44 /* PopoverBootcamp.swift in Sources */,
				C47187A22B4FD68000F16C19 /* SwiftfulThinkingBootcampApp.swift in Sources */,
				C43B7AE02B53ED7800017819 /* SafeareaBootcamp.swift in Sources */,
				C43B7AEC2B54267700017819 /* TernaryBootcamp.swift in Sources */,
				C4BC8F022B51C356003A3D71 /* ImageBootcamp.swift in Sources */,
				C4394DCC2B528C440091A82E /* SpacerBootcamp.swift in Sources */,
				C4394DD42B52F11D0091A82E /* GridBootcamp.swift in Sources */,
				C4394DC82B5276590091A82E /* StacksBootcmap.swift in Sources */,
				C462A6C02B50413B00560D7D /* TextBootcamp.swift in Sources */,
			);
			runOnlyForDeploymentPostprocessing = 0;
		};
/* End PBXSourcesBuildPhase section */

/* Begin XCBuildConfiguration section */
		C47187AA2B4FD68100F16C19 /* Debug */ = {
			isa = XCBuildConfiguration;
			buildSettings = {
				ALWAYS_SEARCH_USER_PATHS = NO;
				ASSETCATALOG_COMPILER_GENERATE_SWIFT_ASSET_SYMBOL_EXTENSIONS = YES;
				CLANG_ANALYZER_NONNULL = YES;
				CLANG_ANALYZER_NUMBER_OBJECT_CONVERSION = YES_AGGRESSIVE;
				CLANG_CXX_LANGUAGE_STANDARD = "gnu++20";
				CLANG_ENABLE_MODULES = YES;
				CLANG_ENABLE_OBJC_ARC = YES;
				CLANG_ENABLE_OBJC_WEAK = YES;
				CLANG_WARN_BLOCK_CAPTURE_AUTORELEASING = YES;
				CLANG_WARN_BOOL_CONVERSION = YES;
				CLANG_WARN_COMMA = YES;
				CLANG_WARN_CONSTANT_CONVERSION = YES;
				CLANG_WARN_DEPRECATED_OBJC_IMPLEMENTATIONS = YES;
				CLANG_WARN_DIRECT_OBJC_ISA_USAGE = YES_ERROR;
				CLANG_WARN_DOCUMENTATION_COMMENTS = YES;
				CLANG_WARN_EMPTY_BODY = YES;
				CLANG_WARN_ENUM_CONVERSION = YES;
				CLANG_WARN_INFINITE_RECURSION = YES;
				CLANG_WARN_INT_CONVERSION = YES;
				CLANG_WARN_NON_LITERAL_NULL_CONVERSION = YES;
				CLANG_WARN_OBJC_IMPLICIT_RETAIN_SELF = YES;
				CLANG_WARN_OBJC_LITERAL_CONVERSION = YES;
				CLANG_WARN_OBJC_ROOT_CLASS = YES_ERROR;
				CLANG_WARN_QUOTED_INCLUDE_IN_FRAMEWORK_HEADER = YES;
				CLANG_WARN_RANGE_LOOP_ANALYSIS = YES;
				CLANG_WARN_STRICT_PROTOTYPES = YES;
				CLANG_WARN_SUSPICIOUS_MOVE = YES;
				CLANG_WARN_UNGUARDED_AVAILABILITY = YES_AGGRESSIVE;
				CLANG_WARN_UNREACHABLE_CODE = YES;
				CLANG_WARN__DUPLICATE_METHOD_MATCH = YES;
				COPY_PHASE_STRIP = NO;
				DEBUG_INFORMATION_FORMAT = dwarf;
				ENABLE_STRICT_OBJC_MSGSEND = YES;
				ENABLE_TESTABILITY = YES;
				ENABLE_USER_SCRIPT_SANDBOXING = YES;
				GCC_C_LANGUAGE_STANDARD = gnu17;
				GCC_DYNAMIC_NO_PIC = NO;
				GCC_NO_COMMON_BLOCKS = YES;
				GCC_OPTIMIZATION_LEVEL = 0;
				GCC_PREPROCESSOR_DEFINITIONS = (
					"DEBUG=1",
					"$(inherited)",
				);
				GCC_WARN_64_TO_32_BIT_CONVERSION = YES;
				GCC_WARN_ABOUT_RETURN_TYPE = YES_ERROR;
				GCC_WARN_UNDECLARED_SELECTOR = YES;
				GCC_WARN_UNINITIALIZED_AUTOS = YES_AGGRESSIVE;
				GCC_WARN_UNUSED_FUNCTION = YES;
				GCC_WARN_UNUSED_VARIABLE = YES;
				IPHONEOS_DEPLOYMENT_TARGET = 17.0;
				LOCALIZATION_PREFERS_STRING_CATALOGS = YES;
				MTL_ENABLE_DEBUG_INFO = INCLUDE_SOURCE;
				MTL_FAST_MATH = YES;
				ONLY_ACTIVE_ARCH = YES;
				SDKROOT = iphoneos;
				SWIFT_ACTIVE_COMPILATION_CONDITIONS = "DEBUG $(inherited)";
				SWIFT_OPTIMIZATION_LEVEL = "-Onone";
			};
			name = Debug;
		};
		C47187AB2B4FD68100F16C19 /* Release */ = {
			isa = XCBuildConfiguration;
			buildSettings = {
				ALWAYS_SEARCH_USER_PATHS = NO;
				ASSETCATALOG_COMPILER_GENERATE_SWIFT_ASSET_SYMBOL_EXTENSIONS = YES;
				CLANG_ANALYZER_NONNULL = YES;
				CLANG_ANALYZER_NUMBER_OBJECT_CONVERSION = YES_AGGRESSIVE;
				CLANG_CXX_LANGUAGE_STANDARD = "gnu++20";
				CLANG_ENABLE_MODULES = YES;
				CLANG_ENABLE_OBJC_ARC = YES;
				CLANG_ENABLE_OBJC_WEAK = YES;
				CLANG_WARN_BLOCK_CAPTURE_AUTORELEASING = YES;
				CLANG_WARN_BOOL_CONVERSION = YES;
				CLANG_WARN_COMMA = YES;
				CLANG_WARN_CONSTANT_CONVERSION = YES;
				CLANG_WARN_DEPRECATED_OBJC_IMPLEMENTATIONS = YES;
				CLANG_WARN_DIRECT_OBJC_ISA_USAGE = YES_ERROR;
				CLANG_WARN_DOCUMENTATION_COMMENTS = YES;
				CLANG_WARN_EMPTY_BODY = YES;
				CLANG_WARN_ENUM_CONVERSION = YES;
				CLANG_WARN_INFINITE_RECURSION = YES;
				CLANG_WARN_INT_CONVERSION = YES;
				CLANG_WARN_NON_LITERAL_NULL_CONVERSION = YES;
				CLANG_WARN_OBJC_IMPLICIT_RETAIN_SELF = YES;
				CLANG_WARN_OBJC_LITERAL_CONVERSION = YES;
				CLANG_WARN_OBJC_ROOT_CLASS = YES_ERROR;
				CLANG_WARN_QUOTED_INCLUDE_IN_FRAMEWORK_HEADER = YES;
				CLANG_WARN_RANGE_LOOP_ANALYSIS = YES;
				CLANG_WARN_STRICT_PROTOTYPES = YES;
				CLANG_WARN_SUSPICIOUS_MOVE = YES;
				CLANG_WARN_UNGUARDED_AVAILABILITY = YES_AGGRESSIVE;
				CLANG_WARN_UNREACHABLE_CODE = YES;
				CLANG_WARN__DUPLICATE_METHOD_MATCH = YES;
				COPY_PHASE_STRIP = NO;
				DEBUG_INFORMATION_FORMAT = "dwarf-with-dsym";
				ENABLE_NS_ASSERTIONS = NO;
				ENABLE_STRICT_OBJC_MSGSEND = YES;
				ENABLE_USER_SCRIPT_SANDBOXING = YES;
				GCC_C_LANGUAGE_STANDARD = gnu17;
				GCC_NO_COMMON_BLOCKS = YES;
				GCC_WARN_64_TO_32_BIT_CONVERSION = YES;
				GCC_WARN_ABOUT_RETURN_TYPE = YES_ERROR;
				GCC_WARN_UNDECLARED_SELECTOR = YES;
				GCC_WARN_UNINITIALIZED_AUTOS = YES_AGGRESSIVE;
				GCC_WARN_UNUSED_FUNCTION = YES;
				GCC_WARN_UNUSED_VARIABLE = YES;
				IPHONEOS_DEPLOYMENT_TARGET = 17.0;
				LOCALIZATION_PREFERS_STRING_CATALOGS = YES;
				MTL_ENABLE_DEBUG_INFO = NO;
				MTL_FAST_MATH = YES;
				SDKROOT = iphoneos;
				SWIFT_COMPILATION_MODE = wholemodule;
				VALIDATE_PRODUCT = YES;
			};
			name = Release;
		};
		C47187AD2B4FD68100F16C19 /* Debug */ = {
			isa = XCBuildConfiguration;
			buildSettings = {
				ASSETCATALOG_COMPILER_APPICON_NAME = AppIcon;
				ASSETCATALOG_COMPILER_GLOBAL_ACCENT_COLOR_NAME = AccentColor;
				CODE_SIGN_STYLE = Automatic;
				CURRENT_PROJECT_VERSION = 1;
				DEVELOPMENT_ASSET_PATHS = "\"SwiftfulThinkingBootcamp/Preview Content\"";
				DEVELOPMENT_TEAM = YM9RBHH3SL;
				ENABLE_PREVIEWS = YES;
				GENERATE_INFOPLIST_FILE = YES;
				INFOPLIST_KEY_CFBundleDisplayName = Bootcamp;
				INFOPLIST_KEY_UIApplicationSceneManifest_Generation = YES;
				INFOPLIST_KEY_UIApplicationSupportsIndirectInputEvents = YES;
				INFOPLIST_KEY_UILaunchScreen_Generation = YES;
				INFOPLIST_KEY_UISupportedInterfaceOrientations_iPad = "UIInterfaceOrientationPortrait UIInterfaceOrientationPortraitUpsideDown UIInterfaceOrientationLandscapeLeft UIInterfaceOrientationLandscapeRight";
				INFOPLIST_KEY_UISupportedInterfaceOrientations_iPhone = "UIInterfaceOrientationPortrait UIInterfaceOrientationLandscapeLeft UIInterfaceOrientationLandscapeRight";
				LD_RUNPATH_SEARCH_PATHS = (
					"$(inherited)",
					"@executable_path/Frameworks",
				);
				MARKETING_VERSION = 1.0;
				PRODUCT_BUNDLE_IDENTIFIER = com.rizalfahrud.SwiftfulThinkingBootcamp;
				PRODUCT_NAME = "$(TARGET_NAME)";
				SWIFT_EMIT_LOC_STRINGS = YES;
				SWIFT_VERSION = 5.0;
				TARGETED_DEVICE_FAMILY = "1,2";
			};
			name = Debug;
		};
		C47187AE2B4FD68100F16C19 /* Release */ = {
			isa = XCBuildConfiguration;
			buildSettings = {
				ASSETCATALOG_COMPILER_APPICON_NAME = AppIcon;
				ASSETCATALOG_COMPILER_GLOBAL_ACCENT_COLOR_NAME = AccentColor;
				CODE_SIGN_STYLE = Automatic;
				CURRENT_PROJECT_VERSION = 1;
				DEVELOPMENT_ASSET_PATHS = "\"SwiftfulThinkingBootcamp/Preview Content\"";
				DEVELOPMENT_TEAM = YM9RBHH3SL;
				ENABLE_PREVIEWS = YES;
				GENERATE_INFOPLIST_FILE = YES;
				INFOPLIST_KEY_CFBundleDisplayName = Bootcamp;
				INFOPLIST_KEY_UIApplicationSceneManifest_Generation = YES;
				INFOPLIST_KEY_UIApplicationSupportsIndirectInputEvents = YES;
				INFOPLIST_KEY_UILaunchScreen_Generation = YES;
				INFOPLIST_KEY_UISupportedInterfaceOrientations_iPad = "UIInterfaceOrientationPortrait UIInterfaceOrientationPortraitUpsideDown UIInterfaceOrientationLandscapeLeft UIInterfaceOrientationLandscapeRight";
				INFOPLIST_KEY_UISupportedInterfaceOrientations_iPhone = "UIInterfaceOrientationPortrait UIInterfaceOrientationLandscapeLeft UIInterfaceOrientationLandscapeRight";
				LD_RUNPATH_SEARCH_PATHS = (
					"$(inherited)",
					"@executable_path/Frameworks",
				);
				MARKETING_VERSION = 1.0;
				PRODUCT_BUNDLE_IDENTIFIER = com.rizalfahrud.SwiftfulThinkingBootcamp;
				PRODUCT_NAME = "$(TARGET_NAME)";
				SWIFT_EMIT_LOC_STRINGS = YES;
				SWIFT_VERSION = 5.0;
				TARGETED_DEVICE_FAMILY = "1,2";
			};
			name = Release;
		};
/* End XCBuildConfiguration section */

/* Begin XCConfigurationList section */
		C47187992B4FD68000F16C19 /* Build configuration list for PBXProject "SwiftfulThinkingBootcamp" */ = {
			isa = XCConfigurationList;
			buildConfigurations = (
				C47187AA2B4FD68100F16C19 /* Debug */,
				C47187AB2B4FD68100F16C19 /* Release */,
			);
			defaultConfigurationIsVisible = 0;
			defaultConfigurationName = Release;
		};
		C47187AC2B4FD68100F16C19 /* Build configuration list for PBXNativeTarget "SwiftfulThinkingBootcamp" */ = {
			isa = XCConfigurationList;
			buildConfigurations = (
				C47187AD2B4FD68100F16C19 /* Debug */,
				C47187AE2B4FD68100F16C19 /* Release */,
			);
			defaultConfigurationIsVisible = 0;
			defaultConfigurationName = Release;
		};
/* End XCConfigurationList section */
	};
	rootObject = C47187962B4FD68000F16C19 /* Project object */;
}
